
Microsoft Visual Studio Solution File, Format Version 10.00
# Visual Studio 2008
Project("{FAE04EC0-301F-11D3-BF4B-00C04F79EFBC}") = "WindowsGame1", "WindowsGame1\WindowsGame1.csproj", "{26369496-8702-4919-B027-39B285F05E99}"
EndProject
Project("{FAE04EC0-301F-11D3-BF4B-00C04F79EFBC}") = "Xbox 360 Copy of WindowsGame1", "WindowsGame1\Xbox 360 Copy of WindowsGame1.csproj", "{F1884505-747E-46C6-A3D1-5D7D39FE0B7D}"
EndProject
Global
	GlobalSection(SolutionConfigurationPlatforms) = preSolution
		Debug|Mixed Platforms = Debug|Mixed Platforms
		Debug|x86 = Debug|x86
		Debug|Xbox 360 = Debug|Xbox 360
		Release|Mixed Platforms = Release|Mixed Platforms
		Release|x86 = Release|x86
		Release|Xbox 360 = Release|Xbox 360
		ThomasXBox|Mixed Platforms = ThomasXBox|Mixed Platforms
		ThomasXBox|x86 = ThomasXBox|x86
		ThomasXBox|Xbox 360 = ThomasXBox|Xbox 360
	EndGlobalSection
	GlobalSection(ProjectConfigurationPlatforms) = postSolution
		{26369496-8702-4919-B027-39B285F05E99}.Debug|Mixed Platforms.ActiveCfg = Debug|x86
		{26369496-8702-4919-B027-39B285F05E99}.Debug|Mixed Platforms.Build.0 = Debug|x86
		{26369496-8702-4919-B027-39B285F05E99}.Debug|x86.ActiveCfg = Debug|x86
		{26369496-8702-4919-B027-39B285F05E99}.Debug|x86.Build.0 = Debug|x86
		{26369496-8702-4919-B027-39B285F05E99}.Debug|Xbox 360.ActiveCfg = Debug|x86
		{26369496-8702-4919-B027-39B285F05E99}.Release|Mixed Platforms.ActiveCfg = Release|x86
		{26369496-8702-4919-B027-39B285F05E99}.Release|Mixed Platforms.Build.0 = Release|x86
		{26369496-8702-4919-B027-39B285F05E99}.Release|x86.ActiveCfg = Release|x86
		{26369496-8702-4919-B027-39B285F05E99}.Release|x86.Build.0 = Release|x86
		{26369496-8702-4919-B027-39B285F05E99}.Release|Xbox 360.ActiveCfg = Release|x86
		{26369496-8702-4919-B027-39B285F05E99}.ThomasXBox|Mixed Platforms.ActiveCfg = Debug|x86
		{26369496-8702-4919-B027-39B285F05E99}.ThomasXBox|Mixed Platforms.Build.0 = Debug|x86
		{26369496-8702-4919-B027-39B285F05E99}.ThomasXBox|Mixed Platforms.Deploy.0 = Debug|x86
		{26369496-8702-4919-B027-39B285F05E99}.ThomasXBox|x86.ActiveCfg = ThomasXBox|x86
		{26369496-8702-4919-B027-39B285F05E99}.ThomasXBox|x86.Build.0 = ThomasXBox|x86
		{26369496-8702-4919-B027-39B285F05E99}.ThomasXBox|Xbox 360.ActiveCfg = ThomasXBox|x86
		{7BF36D23-7ECA-4C65-9853-4B22F25786ED}.Debug|Mixed Platforms.ActiveCfg = Debug|Xbox 360
		{7BF36D23-7ECA-4C65-9853-4B22F25786ED}.Debug|x86.ActiveCfg = Debug|x86
		{7BF36D23-7ECA-4C65-9853-4B22F25786ED}.Debug|Xbox 360.ActiveCfg = Debug|Xbox 360
		{7BF36D23-7ECA-4C65-9853-4B22F25786ED}.Release|Mixed Platforms.ActiveCfg = Release|Xbox 360
		{7BF36D23-7ECA-4C65-9853-4B22F25786ED}.Release|x86.ActiveCfg = Release|x86
		{7BF36D23-7ECA-4C65-9853-4B22F25786ED}.Release|Xbox 360.ActiveCfg = Release|Xbox 360
		{7BF36D23-7ECA-4C65-9853-4B22F25786ED}.ThomasXBox|Mixed Platforms.ActiveCfg = ThomasXBox|Xbox 360
		{7BF36D23-7ECA-4C65-9853-4B22F25786ED}.ThomasXBox|x86.ActiveCfg = ThomasXBox|x86
		{7BF36D23-7ECA-4C65-9853-4B22F25786ED}.ThomasXBox|Xbox 360.ActiveCfg = ThomasXBox|Xbox 360
		{F1884505-747E-46C6-A3D1-5D7D39FE0B7D}.Debug|Mixed Platforms.ActiveCfg = Debug|Xbox 360
		{F1884505-747E-46C6-A3D1-5D7D39FE0B7D}.Debug|Mixed Platforms.Build.0 = Debug|Xbox 360
		{F1884505-747E-46C6-A3D1-5D7D39FE0B7D}.Debug|Mixed Platforms.Deploy.0 = Debug|Xbox 360
		{F1884505-747E-46C6-A3D1-5D7D39FE0B7D}.Debug|x86.ActiveCfg = Debug|Xbox 360
		{F1884505-747E-46C6-A3D1-5D7D39FE0B7D}.Debug|Xbox 360.ActiveCfg = Debug|Xbox 360
		{F1884505-747E-46C6-A3D1-5D7D39FE0B7D}.Debug|Xbox 360.Build.0 = Debug|Xbox 360
		{F1884505-747E-46C6-A3D1-5D7D39FE0B7D}.Debug|Xbox 360.Deploy.0 = Debug|Xbox 360
		{F1884505-747E-46C6-A3D1-5D7D39FE0B7D}.Release|Mixed Platforms.ActiveCfg = Release|Xbox 360
		{F1884505-747E-46C6-A3D1-5D7D39FE0B7D}.Release|Mixed Platforms.Build.0 = Release|Xbox 360
		{F1884505-747E-46C6-A3D1-5D7D39FE0B7D}.Release|Mixed Platforms.Deploy.0 = Release|Xbox 360
		{F1884505-747E-46C6-A3D1-5D7D39FE0B7D}.Release|x86.ActiveCfg = Release|Xbox 360
		{F1884505-747E-46C6-A3D1-5D7D39FE0B7D}.Release|Xbox 360.ActiveCfg = Release|Xbox 360
		{F1884505-747E-46C6-A3D1-5D7D39FE0B7D}.Release|Xbox 360.Build.0 = Release|Xbox 360
		{F1884505-747E-46C6-A3D1-5D7D39FE0B7D}.Release|Xbox 360.Deploy.0 = Release|Xbox 360
		{F1884505-747E-46C6-A3D1-5D7D39FE0B7D}.ThomasXBox|Mixed Platforms.ActiveCfg = Release|Xbox 360
		{F1884505-747E-46C6-A3D1-5D7D39FE0B7D}.ThomasXBox|Mixed Platforms.Build.0 = Release|Xbox 360
		{F1884505-747E-46C6-A3D1-5D7D39FE0B7D}.ThomasXBox|Mixed Platforms.Deploy.0 = Release|Xbox 360
		{F1884505-747E-46C6-A3D1-5D7D39FE0B7D}.ThomasXBox|x86.ActiveCfg = Release|Xbox 360
		{F1884505-747E-46C6-A3D1-5D7D39FE0B7D}.ThomasXBox|Xbox 360.ActiveCfg = Release|Xbox 360
		{F1884505-747E-46C6-A3D1-5D7D39FE0B7D}.ThomasXBox|Xbox 360.Build.0 = Release|Xbox 360
		{F1884505-747E-46C6-A3D1-5D7D39FE0B7D}.ThomasXBox|Xbox 360.Deploy.0 = Release|Xbox 360
	EndGlobalSection
	GlobalSection(SolutionProperties) = preSolution
		HideSolutionNode = FALSE
	EndGlobalSection
EndGlobal
